
Microsoft Visual Studio Solution File, Format Version 10.00
# Visual Studio 2008
Project("{2150E333-8FDC-42A3-9474-1A3956D46DE8}") = "Solution Items", "Solution Items", "{1CAC28B0-AC0E-410E-B53F-B44FE14894BC}"
EndProject
Project("{FAE04EC0-301F-11D3-BF4B-00C04F79EFBC}") = "OggVorbisSharp", "OggVorbisSharp\OggVorbisSharp.csproj", "{0BB690DA-0EA6-46FF-9601-E46BA380F756}"
EndProject
Project("{FAE04EC0-301F-11D3-BF4B-00C04F79EFBC}") = "OggVorbisSharpTest", "OggVorbisSharpTest\OggVorbisSharpTest.csproj", "{17B56738-ECE6-43FC-8599-0742206905B3}"
EndProject
Global
	GlobalSection(SolutionConfigurationPlatforms) = preSolution
		Debug|Any CPU = Debug|Any CPU
		Release|Any CPU = Release|Any CPU
	EndGlobalSection
	GlobalSection(ProjectConfigurationPlatforms) = postSolution
		{0BB690DA-0EA6-46FF-9601-E46BA380F756}.Debug|Any CPU.ActiveCfg = Debug|Any CPU
		{0BB690DA-0EA6-46FF-9601-E46BA380F756}.Debug|Any CPU.Build.0 = Debug|Any CPU
		{0BB690DA-0EA6-46FF-9601-E46BA380F756}.Release|Any CPU.ActiveCfg = Release|Any CPU
		{0BB690DA-0EA6-46FF-9601-E46BA380F756}.Release|Any CPU.Build.0 = Release|Any CPU
		{17B56738-ECE6-43FC-8599-0742206905B3}.Debug|Any CPU.ActiveCfg = Debug|Any CPU
		{17B56738-ECE6-43FC-8599-0742206905B3}.Debug|Any CPU.Build.0 = Debug|Any CPU
		{17B56738-ECE6-43FC-8599-0742206905B3}.Release|Any CPU.ActiveCfg = Release|Any CPU
		{17B56738-ECE6-43FC-8599-0742206905B3}.Release|Any CPU.Build.0 = Release|Any CPU
	EndGlobalSection
	GlobalSection(SolutionProperties) = preSolution
		HideSolutionNode = FALSE
	EndGlobalSection
EndGlobal
